dependencies:
  espressif/esp-dsp:
    component_hash: ed9ac175b14e0414399a2b33c525579414b5bad19a2a67b12ea212def96f9a98
    dependencies:
    - name: idf
      require: private
      version: '>=4.2'
    source:
      registry_url: https://components.espressif.com/
      type: service
    version: 1.8.2
  idf:
    source:
      type: idf
    version: 5.5.5
  rinku404/bno085:
    component_hash: d097ba0454f8cfb8fc77be6c6664b3f5c225ad94adf2f5b6c8ef7f45a2e970cf
    dependencies:
    - name: idf
      require: private
      version: '>=5.5'
    source:
      registry_url: https://components.espressif.com/
      type: service
    version: 1.2.0
direct_dependencies:
- espressif/esp-dsp
- rinku404/bno085
manifest_hash: 2383ff2c36bf8e24e28d08c915dbe25296d163ee067fef314a919684956961b4
target: esp32s3
version: 2.0.0
